
Microsoft Visual Studio Solution File, Format Version 12.00
# Visual Studio Version 16
VisualStudioVersion = 16.0.30503.244
MinimumVisualStudioVersion = 10.0.40219.1
Project("{9A19103F-16F7-4668-BE54-9A1E7A4F7556}") = "BasicOfCSharp", "BasicOfCSharp\BasicOfCSharp.csproj", "{D7A07581-38C1-43E5-A2EF-45F89A008C82}"
EndProject
Project("{FAE04EC0-301F-11D3-BF4B-00C04F79EFBC}") = "DataStructures", "DataStructures\DataStructures.csproj", "{E9CC5FCB-E4CC-4F4B-AAC4-AC5166A0CBC2}"
EndProject
Global
	GlobalSection(SolutionConfigurationPlatforms) = preSolution
		Debug|Any CPU = Debug|Any CPU
		Release|Any CPU = Release|Any CPU
	EndGlobalSection
	GlobalSection(ProjectConfigurationPlatforms) = postSolution
		{D7A07581-38C1-43E5-A2EF-45F89A008C82}.Debug|Any CPU.ActiveCfg = Debug|Any CPU
		{D7A07581-38C1-43E5-A2EF-45F89A008C82}.Debug|Any CPU.Build.0 = Debug|Any CPU
		{D7A07581-38C1-43E5-A2EF-45F89A008C82}.Release|Any CPU.ActiveCfg = Release|Any CPU
		{D7A07581-38C1-43E5-A2EF-45F89A008C82}.Release|Any CPU.Build.0 = Release|Any CPU
		{E9CC5FCB-E4CC-4F4B-AAC4-AC5166A0CBC2}.Debug|Any CPU.ActiveCfg = Debug|Any CPU
		{E9CC5FCB-E4CC-4F4B-AAC4-AC5166A0CBC2}.Debug|Any CPU.Build.0 = Debug|Any CPU
		{E9CC5FCB-E4CC-4F4B-AAC4-AC5166A0CBC2}.Release|Any CPU.ActiveCfg = Release|Any CPU
		{E9CC5FCB-E4CC-4F4B-AAC4-AC5166A0CBC2}.Release|Any CPU.Build.0 = Release|Any CPU
	EndGlobalSection
	GlobalSection(SolutionProperties) = preSolution
		HideSolutionNode = FALSE
	EndGlobalSection
	GlobalSection(ExtensibilityGlobals) = postSolution
		SolutionGuid = {A90BA5D7-AFC8-45D8-AFD3-F563F67A4475}
	EndGlobalSection
EndGlobal
